
Microsoft Visual Studio Solution File, Format Version 12.00
# Visual Studio Version 17
VisualStudioVersion = 17.8.34525.116
MinimumVisualStudioVersion = 10.0.40219.1
Project("{9A19103F-16F7-4668-BE54-9A1E7A4F7556}") = "Lesson_6", "Lesson_6\Lesson_6.csproj", "{25DF7C63-755A-4171-9EBA-8E8F03EBF574}"
EndProject
Project("{FAE04EC0-301F-11D3-BF4B-00C04F79EFBC}") = "Lesson_6.Test", "Lesson_6.Test\Lesson_6.Test.csproj", "{09E5370E-5C51-4A55-AE6D-940054DF5F9E}"
EndProject
Global
	GlobalSection(SolutionConfigurationPlatforms) = preSolution
		Debug|Any CPU = Debug|Any CPU
		Release|Any CPU = Release|Any CPU
	EndGlobalSection
	GlobalSection(ProjectConfigurationPlatforms) = postSolution
		{25DF7C63-755A-4171-9EBA-8E8F03EBF574}.Debug|Any CPU.ActiveCfg = Debug|Any CPU
		{25DF7C63-755A-4171-9EBA-8E8F03EBF574}.Debug|Any CPU.Build.0 = Debug|Any CPU
		{25DF7C63-755A-4171-9EBA-8E8F03EBF574}.Release|Any CPU.ActiveCfg = Release|Any CPU
		{25DF7C63-755A-4171-9EBA-8E8F03EBF574}.Release|Any CPU.Build.0 = Release|Any CPU
		{09E5370E-5C51-4A55-AE6D-940054DF5F9E}.Debug|Any CPU.ActiveCfg = Debug|Any CPU
		{09E5370E-5C51-4A55-AE6D-940054DF5F9E}.Debug|Any CPU.Build.0 = Debug|Any CPU
		{09E5370E-5C51-4A55-AE6D-940054DF5F9E}.Release|Any CPU.ActiveCfg = Release|Any CPU
		{09E5370E-5C51-4A55-AE6D-940054DF5F9E}.Release|Any CPU.Build.0 = Release|Any CPU
	EndGlobalSection
	GlobalSection(SolutionProperties) = preSolution
		HideSolutionNode = FALSE
	EndGlobalSection
	GlobalSection(ExtensibilityGlobals) = postSolution
		SolutionGuid = {79F84695-6538-498F-93E9-6C4344BAC514}
	EndGlobalSection
EndGlobal
